// !$*UTF8*$!
{
	archiveVersion = 1;
	classes = {
	};
	objectVersion = 56;
	objects = {

/* Begin PBXBuildFile section */
		930F49CB2B16E90800F18A1A /* CreateUsernameView.swift in Sources */ = {isa = PBXBuildFile; fileRef = 930F49CA2B16E90800F18A1A /* CreateUsernameView.swift */; };
		930F49CD2B16EAE800F18A1A /* CreatePasswordView.swift in Sources */ = {isa = PBXBuildFile; fileRef = 930F49CC2B16EAE800F18A1A /* CreatePasswordView.swift */; };
		930F49CF2B16F4BB00F18A1A /* CompleteSignUpView.swift in Sources */ = {isa = PBXBuildFile; fileRef = 930F49CE2B16F4BB00F18A1A /* CompleteSignUpView.swift */; };
		931CF6A82B19B2190002371D /* Post.swift in Sources */ = {isa = PBXBuildFile; fileRef = 931CF6A72B19B2190002371D /* Post.swift */; };
		931CF6AA2B19B3C90002371D /* PostGridView.swift in Sources */ = {isa = PBXBuildFile; fileRef = 931CF6A92B19B3C90002371D /* PostGridView.swift */; };
		931CF6AC2B19B4E60002371D /* ProfileHeaderView.swift in Sources */ = {isa = PBXBuildFile; fileRef = 931CF6AB2B19B4E60002371D /* ProfileHeaderView.swift */; };
		932135062B19880D00E60E76 /* CurrentUserProfileView.swift in Sources */ = {isa = PBXBuildFile; fileRef = 932135052B19880D00E60E76 /* CurrentUserProfileView.swift */; };
		93283A412B25A8720090DB72 /* UserService.swift in Sources */ = {isa = PBXBuildFile; fileRef = 93283A402B25A8720090DB72 /* UserService.swift */; };
		93283A452B25A94F0090DB72 /* SearchViewModel.swift in Sources */ = {isa = PBXBuildFile; fileRef = 93283A442B25A94F0090DB72 /* SearchViewModel.swift */; };
		934859DB2B09E7C6005477E5 /* MainTabView.swift in Sources */ = {isa = PBXBuildFile; fileRef = 934859DA2B09E7C6005477E5 /* MainTabView.swift */; };
		934859DD2B09ED9F005477E5 /* ProfileView.swift in Sources */ = {isa = PBXBuildFile; fileRef = 934859DC2B09ED9F005477E5 /* ProfileView.swift */; };
		934859E02B0A0CAD005477E5 /* UserStatView.swift in Sources */ = {isa = PBXBuildFile; fileRef = 934859DF2B0A0CAD005477E5 /* UserStatView.swift */; };
		934859E22B0A4EE7005477E5 /* FeedView.swift in Sources */ = {isa = PBXBuildFile; fileRef = 934859E12B0A4EE7005477E5 /* FeedView.swift */; };
		934859E42B0A4EF0005477E5 /* FeedCell.swift in Sources */ = {isa = PBXBuildFile; fileRef = 934859E32B0A4EF0005477E5 /* FeedCell.swift */; };
		934859E62B0B678A005477E5 /* SearchView.swift in Sources */ = {isa = PBXBuildFile; fileRef = 934859E52B0B678A005477E5 /* SearchView.swift */; };
		934859E82B0B6CE3005477E5 /* LoginView.swift in Sources */ = {isa = PBXBuildFile; fileRef = 934859E72B0B6CE3005477E5 /* LoginView.swift */; };
		934859EA2B0B9262005477E5 /* AddEmailView.swift in Sources */ = {isa = PBXBuildFile; fileRef = 934859E92B0B9262005477E5 /* AddEmailView.swift */; };
		934859EC2B0B9DB2005477E5 /* IGTextFieldModifier.swift in Sources */ = {isa = PBXBuildFile; fileRef = 934859EB2B0B9DB2005477E5 /* IGTextFieldModifier.swift */; };
		934F58F32B2BF92E00B93FF1 /* ImageUploader.swift in Sources */ = {isa = PBXBuildFile; fileRef = 934F58F22B2BF92E00B93FF1 /* ImageUploader.swift */; };
		935CFA0E2B1734DA007324DA /* User.swift in Sources */ = {isa = PBXBuildFile; fileRef = 935CFA0D2B1734DA007324DA /* User.swift */; };
		936185202B2C5BDC00D431F5 /* Kingfisher in Frameworks */ = {isa = PBXBuildFile; productRef = 9361851F2B2C5BDC00D431F5 /* Kingfisher */; };
		936185222B2C5C4D00D431F5 /* CircularProfileImageView.swift in Sources */ = {isa = PBXBuildFile; fileRef = 936185212B2C5C4D00D431F5 /* CircularProfileImageView.swift */; };
		9369800E2B2B5A7B00308F31 /* EditProfileView.swift in Sources */ = {isa = PBXBuildFile; fileRef = 9369800D2B2B5A7B00308F31 /* EditProfileView.swift */; };
		936980122B2B612A00308F31 /* EditProfileViewModel.swift in Sources */ = {isa = PBXBuildFile; fileRef = 936980112B2B612A00308F31 /* EditProfileViewModel.swift */; };
		936F14582B08993500413CD8 /* learn_instagramApp.swift in Sources */ = {isa = PBXBuildFile; fileRef = 936F14572B08993500413CD8 /* learn_instagramApp.swift */; };
		936F145A2B08993500413CD8 /* ContentView.swift in Sources */ = {isa = PBXBuildFile; fileRef = 936F14592B08993500413CD8 /* ContentView.swift */; };
		936F145C2B08993500413CD8 /* Assets.xcassets in Resources */ = {isa = PBXBuildFile; fileRef = 936F145B2B08993500413CD8 /* Assets.xcassets */; };
		936F145F2B08993500413CD8 /* Preview Assets.xcassets in Resources */ = {isa = PBXBuildFile; fileRef = 936F145E2B08993500413CD8 /* Preview Assets.xcassets */; };
		9380E7B32B202CE200C73A01 /* LoginViewModel.swift in Sources */ = {isa = PBXBuildFile; fileRef = 9380E7B22B202CE200C73A01 /* LoginViewModel.swift */; };
		93882CC12B1EA1B600503395 /* GoogleService-Info.plist in Resources */ = {isa = PBXBuildFile; fileRef = 93882CC02B1EA1B600503395 /* GoogleService-Info.plist */; };
		93882CD02B1EA3E800503395 /* FirebaseAuth in Frameworks */ = {isa = PBXBuildFile; productRef = 93882CCF2B1EA3E800503395 /* FirebaseAuth */; };
		93882CDC2B1EA3E800503395 /* FirebaseFirestore in Frameworks */ = {isa = PBXBuildFile; productRef = 93882CDB2B1EA3E800503395 /* FirebaseFirestore */; };
		93882CE02B1EA3E800503395 /* FirebaseFirestoreSwift in Frameworks */ = {isa = PBXBuildFile; productRef = 93882CDF2B1EA3E800503395 /* FirebaseFirestoreSwift */; };
		93882CF62B1EA3E800503395 /* FirebaseStorage in Frameworks */ = {isa = PBXBuildFile; productRef = 93882CF52B1EA3E800503395 /* FirebaseStorage */; };
		93882CFC2B1EA9A500503395 /* AuthService.swift in Sources */ = {isa = PBXBuildFile; fileRef = 93882CFB2B1EA9A500503395 /* AuthService.swift */; };
		93882D002B1EAF2000503395 /* ContentViewModel.swift in Sources */ = {isa = PBXBuildFile; fileRef = 93882CFF2B1EAF2000503395 /* ContentViewModel.swift */; };
		93882D032B1EC35700503395 /* RegistrationViewModel.swift in Sources */ = {isa = PBXBuildFile; fileRef = 93882D022B1EC35700503395 /* RegistrationViewModel.swift */; };
		93DB4A112B1D5820008EB541 /* UploadPostView.swift in Sources */ = {isa = PBXBuildFile; fileRef = 93DB4A102B1D5820008EB541 /* UploadPostView.swift */; };
		93DB4A132B1D5EF6008EB541 /* UploadPostViewModel.swift in Sources */ = {isa = PBXBuildFile; fileRef = 93DB4A122B1D5EF6008EB541 /* UploadPostViewModel.swift */; };
/* End PBXBuildFile section */

/* Begin PBXFileReference section */
		930F49CA2B16E90800F18A1A /* CreateUsernameView.swift */ = {isa = PBXFileReference; lastKnownFileType = sourcecode.swift; path = CreateUsernameView.swift; sourceTree = "<group>"; };
		930F49CC2B16EAE800F18A1A /* CreatePasswordView.swift */ = {isa = PBXFileReference; lastKnownFileType = sourcecode.swift; path = CreatePasswordView.swift; sourceTree = "<group>"; };
		930F49CE2B16F4BB00F18A1A /* CompleteSignUpView.swift */ = {isa = PBXFileReference; lastKnownFileType = sourcecode.swift; path = CompleteSignUpView.swift; sourceTree = "<group>"; };
		931CF6A72B19B2190002371D /* Post.swift */ = {isa = PBXFileReference; lastKnownFileType = sourcecode.swift; path = Post.swift; sourceTree = "<group>"; };
		931CF6A92B19B3C90002371D /* PostGridView.swift */ = {isa = PBXFileReference; lastKnownFileType = sourcecode.swift; path = PostGridView.swift; sourceTree = "<group>"; };
		931CF6AB2B19B4E60002371D /* ProfileHeaderView.swift */ = {isa = PBXFileReference; lastKnownFileType = sourcecode.swift; path = ProfileHeaderView.swift; sourceTree = "<group>"; };
		932135052B19880D00E60E76 /* CurrentUserProfileView.swift */ = {isa = PBXFileReference; lastKnownFileType = sourcecode.swift; path = CurrentUserProfileView.swift; sourceTree = "<group>"; };
		93283A402B25A8720090DB72 /* UserService.swift */ = {isa = PBXFileReference; lastKnownFileType = sourcecode.swift; path = UserService.swift; sourceTree = "<group>"; };
		93283A442B25A94F0090DB72 /* SearchViewModel.swift */ = {isa = PBXFileReference; lastKnownFileType = sourcecode.swift; path = SearchViewModel.swift; sourceTree = "<group>"; };
		934859DA2B09E7C6005477E5 /* MainTabView.swift */ = {isa = PBXFileReference; lastKnownFileType = sourcecode.swift; path = MainTabView.swift; sourceTree = "<group>"; };
		934859DC2B09ED9F005477E5 /* ProfileView.swift */ = {isa = PBXFileReference; lastKnownFileType = sourcecode.swift; path = ProfileView.swift; sourceTree = "<group>"; };
		934859DF2B0A0CAD005477E5 /* UserStatView.swift */ = {isa = PBXFileReference; lastKnownFileType = sourcecode.swift; path = UserStatView.swift; sourceTree = "<group>"; };
		934859E12B0A4EE7005477E5 /* FeedView.swift */ = {isa = PBXFileReference; lastKnownFileType = sourcecode.swift; path = FeedView.swift; sourceTree = "<group>"; };
		934859E32B0A4EF0005477E5 /* FeedCell.swift */ = {isa = PBXFileReference; lastKnownFileType = sourcecode.swift; path = FeedCell.swift; sourceTree = "<group>"; };
		934859E52B0B678A005477E5 /* SearchView.swift */ = {isa = PBXFileReference; lastKnownFileType = sourcecode.swift; path = SearchView.swift; sourceTree = "<group>"; };
		934859E72B0B6CE3005477E5 /* LoginView.swift */ = {isa = PBXFileReference; lastKnownFileType = sourcecode.swift; path = LoginView.swift; sourceTree = "<group>"; };
		934859E92B0B9262005477E5 /* AddEmailView.swift */ = {isa = PBXFileReference; lastKnownFileType = sourcecode.swift; path = AddEmailView.swift; sourceTree = "<group>"; };
		934859EB2B0B9DB2005477E5 /* IGTextFieldModifier.swift */ = {isa = PBXFileReference; lastKnownFileType = sourcecode.swift; path = IGTextFieldModifier.swift; sourceTree = "<group>"; };
		934F58F22B2BF92E00B93FF1 /* ImageUploader.swift */ = {isa = PBXFileReference; lastKnownFileType = sourcecode.swift; path = ImageUploader.swift; sourceTree = "<group>"; };
		935CFA0D2B1734DA007324DA /* User.swift */ = {isa = PBXFileReference; lastKnownFileType = sourcecode.swift; path = User.swift; sourceTree = "<group>"; };
		936185212B2C5C4D00D431F5 /* CircularProfileImageView.swift */ = {isa = PBXFileReference; lastKnownFileType = sourcecode.swift; path = CircularProfileImageView.swift; sourceTree = "<group>"; };
		9369800D2B2B5A7B00308F31 /* EditProfileView.swift */ = {isa = PBXFileReference; lastKnownFileType = sourcecode.swift; path = EditProfileView.swift; sourceTree = "<group>"; };
		936980112B2B612A00308F31 /* EditProfileViewModel.swift */ = {isa = PBXFileReference; lastKnownFileType = sourcecode.swift; path = EditProfileViewModel.swift; sourceTree = "<group>"; };
		936F14542B08993500413CD8 /* learn-instagram.app */ = {isa = PBXFileReference; explicitFileType = wrapper.application; includeInIndex = 0; path = "learn-instagram.app"; sourceTree = BUILT_PRODUCTS_DIR; };
		936F14572B08993500413CD8 /* learn_instagramApp.swift */ = {isa = PBXFileReference; lastKnownFileType = sourcecode.swift; path = learn_instagramApp.swift; sourceTree = "<group>"; };
		936F14592B08993500413CD8 /* ContentView.swift */ = {isa = PBXFileReference; lastKnownFileType = sourcecode.swift; path = ContentView.swift; sourceTree = "<group>"; };
		936F145B2B08993500413CD8 /* Assets.xcassets */ = {isa = PBXFileReference; lastKnownFileType = folder.assetcatalog; path = Assets.xcassets; sourceTree = "<group>"; };
		936F145E2B08993500413CD8 /* Preview Assets.xcassets */ = {isa = PBXFileReference; lastKnownFileType = folder.assetcatalog; path = "Preview Assets.xcassets"; sourceTree = "<group>"; };
		9380E7B22B202CE200C73A01 /* LoginViewModel.swift */ = {isa = PBXFileReference; lastKnownFileType = sourcecode.swift; path = LoginViewModel.swift; sourceTree = "<group>"; };
		93882CC02B1EA1B600503395 /* GoogleService-Info.plist */ = {isa = PBXFileReference; lastKnownFileType = text.plist; path = "GoogleService-Info.plist"; sourceTree = SOURCE_ROOT; };
		93882CFB2B1EA9A500503395 /* AuthService.swift */ = {isa = PBXFileReference; lastKnownFileType = sourcecode.swift; path = AuthService.swift; sourceTree = "<group>"; };
		93882CFF2B1EAF2000503395 /* ContentViewModel.swift */ = {isa = PBXFileReference; lastKnownFileType = sourcecode.swift; path = ContentViewModel.swift; sourceTree = "<group>"; };
		93882D022B1EC35700503395 /* RegistrationViewModel.swift */ = {isa = PBXFileReference; lastKnownFileType = sourcecode.swift; path = RegistrationViewModel.swift; sourceTree = "<group>"; };
		93DB4A102B1D5820008EB541 /* UploadPostView.swift */ = {isa = PBXFileReference; lastKnownFileType = sourcecode.swift; path = UploadPostView.swift; sourceTree = "<group>"; };
		93DB4A122B1D5EF6008EB541 /* UploadPostViewModel.swift */ = {isa = PBXFileReference; lastKnownFileType = sourcecode.swift; path = UploadPostViewModel.swift; sourceTree = "<group>"; };
/* End PBXFileReference section */

/* Begin PBXFrameworksBuildPhase section */
		936F14512B08993500413CD8 /* Frameworks */ = {
			isa = PBXFrameworksBuildPhase;
			buildActionMask = 2147483647;
			files = (
				93882CDC2B1EA3E800503395 /* FirebaseFirestore in Frameworks */,
				93882CE02B1EA3E800503395 /* FirebaseFirestoreSwift in Frameworks */,
				93882CD02B1EA3E800503395 /* FirebaseAuth in Frameworks */,
				93882CF62B1EA3E800503395 /* FirebaseStorage in Frameworks */,
				936185202B2C5BDC00D431F5 /* Kingfisher in Frameworks */,
			);
			runOnlyForDeploymentPostprocessing = 0;
		};
/* End PBXFrameworksBuildPhase section */

/* Begin PBXGroup section */
		93283A422B25A9200090DB72 /* View */ = {
			isa = PBXGroup;
			children = (
				934859E52B0B678A005477E5 /* SearchView.swift */,
			);
			path = View;
			sourceTree = "<group>";
		};
		93283A432B25A9260090DB72 /* ViewModel */ = {
			isa = PBXGroup;
			children = (
				93283A442B25A94F0090DB72 /* SearchViewModel.swift */,
			);
			path = ViewModel;
			sourceTree = "<group>";
		};
		934859D32B09E4F6005477E5 /* Authentication */ = {
			isa = PBXGroup;
			children = (
				93882CF92B1EA97500503395 /* View */,
				93882D012B1EC32D00503395 /* ViewModel */,
				93882CFA2B1EA99000503395 /* Service */,
			);
			path = Authentication;
			sourceTree = "<group>";
		};
		934859D42B09E50A005477E5 /* Feed */ = {
			isa = PBXGroup;
			children = (
				934859E12B0A4EE7005477E5 /* FeedView.swift */,
				934859E32B0A4EF0005477E5 /* FeedCell.swift */,
			);
			path = Feed;
			sourceTree = "<group>";
		};
		934859D52B09E516005477E5 /* Profile */ = {
			isa = PBXGroup;
			children = (
				936980102B2B610C00308F31 /* View */,
				9369800F2B2B610200308F31 /* ViewModel */,
			);
			path = Profile;
			sourceTree = "<group>";
		};
		934859D62B09E522005477E5 /* Root */ = {
			isa = PBXGroup;
			children = (
				93882CFD2B1EAEF400503395 /* View */,
				93882CFE2B1EAF0100503395 /* ViewModel */,
			);
			path = Root;
			sourceTree = "<group>";
		};
		934859D72B09E52B005477E5 /* Search */ = {
			isa = PBXGroup;
			children = (
				93283A422B25A9200090DB72 /* View */,
				93283A432B25A9260090DB72 /* ViewModel */,
			);
			path = Search;
			sourceTree = "<group>";
		};
		934859D82B09E53B005477E5 /* TabBar */ = {
			isa = PBXGroup;
			children = (
				934859DA2B09E7C6005477E5 /* MainTabView.swift */,
			);
			path = TabBar;
			sourceTree = "<group>";
		};
		934859D92B09E53F005477E5 /* UploadPost */ = {
			isa = PBXGroup;
			children = (
				93DB4A102B1D5820008EB541 /* UploadPostView.swift */,
				93DB4A122B1D5EF6008EB541 /* UploadPostViewModel.swift */,
			);
			path = UploadPost;
			sourceTree = "<group>";
		};
		934859DE2B0A0C94005477E5 /* Components */ = {
			isa = PBXGroup;
			children = (
				934859DF2B0A0CAD005477E5 /* UserStatView.swift */,
				934859EB2B0B9DB2005477E5 /* IGTextFieldModifier.swift */,
				931CF6A92B19B3C90002371D /* PostGridView.swift */,
				936185212B2C5C4D00D431F5 /* CircularProfileImageView.swift */,
			);
			path = Components;
			sourceTree = "<group>";
		};
		9369800F2B2B610200308F31 /* ViewModel */ = {
			isa = PBXGroup;
			children = (
				936980112B2B612A00308F31 /* EditProfileViewModel.swift */,
			);
			path = ViewModel;
			sourceTree = "<group>";
		};
		936980102B2B610C00308F31 /* View */ = {
			isa = PBXGroup;
			children = (
				934859DC2B09ED9F005477E5 /* ProfileView.swift */,
				932135052B19880D00E60E76 /* CurrentUserProfileView.swift */,
				931CF6AB2B19B4E60002371D /* ProfileHeaderView.swift */,
				9369800D2B2B5A7B00308F31 /* EditProfileView.swift */,
			);
			path = View;
			sourceTree = "<group>";
		};
		936F144B2B08993400413CD8 = {
			isa = PBXGroup;
			children = (
				936F14562B08993500413CD8 /* learn-instagram */,
				936F14552B08993500413CD8 /* Products */,
			);
			sourceTree = "<group>";
		};
		936F14552B08993500413CD8 /* Products */ = {
			isa = PBXGroup;
			children = (
				936F14542B08993500413CD8 /* learn-instagram.app */,
			);
			name = Products;
			sourceTree = "<group>";
		};
		936F14562B08993500413CD8 /* learn-instagram */ = {
			isa = PBXGroup;
			children = (
				937BE4C32B09CAB80071006C /* App */,
				937BE4C22B09CAB60071006C /* Core */,
				937BE4C12B09CAB30071006C /* Extension */,
				937BE4BE2B09CAA80071006C /* Model */,
				937BE4BD2B09CA8F0071006C /* Services */,
				93882CC02B1EA1B600503395 /* GoogleService-Info.plist */,
				936F145B2B08993500413CD8 /* Assets.xcassets */,
				936F145D2B08993500413CD8 /* Preview Content */,
			);
			path = "learn-instagram";
			sourceTree = "<group>";
		};
		936F145D2B08993500413CD8 /* Preview Content */ = {
			isa = PBXGroup;
			children = (
				936F145E2B08993500413CD8 /* Preview Assets.xcassets */,
			);
			path = "Preview Content";
			sourceTree = "<group>";
		};
		937BE4BD2B09CA8F0071006C /* Services */ = {
			isa = PBXGroup;
			children = (
				93283A402B25A8720090DB72 /* UserService.swift */,
				934F58F22B2BF92E00B93FF1 /* ImageUploader.swift */,
			);
			path = Services;
			sourceTree = "<group>";
		};
		937BE4BE2B09CAA80071006C /* Model */ = {
			isa = PBXGroup;
			children = (
				935CFA0D2B1734DA007324DA /* User.swift */,
				931CF6A72B19B2190002371D /* Post.swift */,
			);
			path = Model;
			sourceTree = "<group>";
		};
		937BE4C12B09CAB30071006C /* Extension */ = {
			isa = PBXGroup;
			children = (
			);
			path = Extension;
			sourceTree = "<group>";
		};
		937BE4C22B09CAB60071006C /* Core */ = {
			isa = PBXGroup;
			children = (
				934859D32B09E4F6005477E5 /* Authentication */,
				934859DE2B0A0C94005477E5 /* Components */,
				934859D42B09E50A005477E5 /* Feed */,
				934859D52B09E516005477E5 /* Profile */,
				934859D62B09E522005477E5 /* Root */,
				934859D72B09E52B005477E5 /* Search */,
				934859D82B09E53B005477E5 /* TabBar */,
				934859D92B09E53F005477E5 /* UploadPost */,
			);
			path = Core;
			sourceTree = "<group>";
		};
		937BE4C32B09CAB80071006C /* App */ = {
			isa = PBXGroup;
			children = (
				936F14572B08993500413CD8 /* learn_instagramApp.swift */,
			);
			path = App;
			sourceTree = "<group>";
		};
		93882CF92B1EA97500503395 /* View */ = {
			isa = PBXGroup;
			children = (
				934859E72B0B6CE3005477E5 /* LoginView.swift */,
				934859E92B0B9262005477E5 /* AddEmailView.swift */,
				930F49CA2B16E90800F18A1A /* CreateUsernameView.swift */,
				930F49CC2B16EAE800F18A1A /* CreatePasswordView.swift */,
				930F49CE2B16F4BB00F18A1A /* CompleteSignUpView.swift */,
			);
			path = View;
			sourceTree = "<group>";
		};
		93882CFA2B1EA99000503395 /* Service */ = {
			isa = PBXGroup;
			children = (
				93882CFB2B1EA9A500503395 /* AuthService.swift */,
			);
			path = Service;
			sourceTree = "<group>";
		};
		93882CFD2B1EAEF400503395 /* View */ = {
			isa = PBXGroup;
			children = (
				936F14592B08993500413CD8 /* ContentView.swift */,
			);
			path = View;
			sourceTree = "<group>";
		};
		93882CFE2B1EAF0100503395 /* ViewModel */ = {
			isa = PBXGroup;
			children = (
				93882CFF2B1EAF2000503395 /* ContentViewModel.swift */,
			);
			path = ViewModel;
			sourceTree = "<group>";
		};
		93882D012B1EC32D00503395 /* ViewModel */ = {
			isa = PBXGroup;
			children = (
				93882D022B1EC35700503395 /* RegistrationViewModel.swift */,
				9380E7B22B202CE200C73A01 /* LoginViewModel.swift */,
			);
			path = ViewModel;
			sourceTree = "<group>";
		};
/* End PBXGroup section */

/* Begin PBXNativeTarget section */
		936F14532B08993500413CD8 /* learn-instagram */ = {
			isa = PBXNativeTarget;
			buildConfigurationList = 936F14622B08993500413CD8 /* Build configuration list for PBXNativeTarget "learn-instagram" */;
			buildPhases = (
				936F14502B08993500413CD8 /* Sources */,
				936F14512B08993500413CD8 /* Frameworks */,
				936F14522B08993500413CD8 /* Resources */,
			);
			buildRules = (
			);
			dependencies = (
			);
			name = "learn-instagram";
			packageProductDependencies = (
				93882CCF2B1EA3E800503395 /* FirebaseAuth */,
				93882CDB2B1EA3E800503395 /* FirebaseFirestore */,
				93882CDF2B1EA3E800503395 /* FirebaseFirestoreSwift */,
				93882CF52B1EA3E800503395 /* FirebaseStorage */,
				9361851F2B2C5BDC00D431F5 /* Kingfisher */,
			);
			productName = "learn-instagram";
			productReference = 936F14542B08993500413CD8 /* learn-instagram.app */;
			productType = "com.apple.product-type.application";
		};
/* End PBXNativeTarget section */

/* Begin PBXProject section */
		936F144C2B08993400413CD8 /* Project object */ = {
			isa = PBXProject;
			attributes = {
				BuildIndependentTargetsInParallel = 1;
				LastSwiftUpdateCheck = 1500;
				LastUpgradeCheck = 1500;
				TargetAttributes = {
					936F14532B08993500413CD8 = {
						CreatedOnToolsVersion = 15.0.1;
					};
				};
			};
			buildConfigurationList = 936F144F2B08993400413CD8 /* Build configuration list for PBXProject "learn-instagram" */;
			compatibilityVersion = "Xcode 14.0";
			developmentRegion = en;
			hasScannedForEncodings = 0;
			knownRegions = (
				en,
				Base,
			);
			mainGroup = 936F144B2B08993400413CD8;
			packageReferences = (
				93882CC22B1EA3E800503395 /* XCRemoteSwiftPackageReference "firebase-ios-sdk" */,
				9361851E2B2C5BDC00D431F5 /* XCRemoteSwiftPackageReference "Kingfisher" */,
			);
			productRefGroup = 936F14552B08993500413CD8 /* Products */;
			projectDirPath = "";
			projectRoot = "";
			targets = (
				936F14532B08993500413CD8 /* learn-instagram */,
			);
		};
/* End PBXProject section */

/* Begin PBXResourcesBuildPhase section */
		936F14522B08993500413CD8 /* Resources */ = {
			isa = PBXResourcesBuildPhase;
			buildActionMask = 2147483647;
			files = (
				936F145F2B08993500413CD8 /* Preview Assets.xcassets in Resources */,
				936F145C2B08993500413CD8 /* Assets.xcassets in Resources */,
				93882CC12B1EA1B600503395 /* GoogleService-Info.plist in Resources */,
			);
			runOnlyForDeploymentPostprocessing = 0;
		};
/* End PBXResourcesBuildPhase section */

/* Begin PBXSourcesBuildPhase section */
		936F14502B08993500413CD8 /* Sources */ = {
			isa = PBXSourcesBuildPhase;
			buildActionMask = 2147483647;
			files = (
				934859E42B0A4EF0005477E5 /* FeedCell.swift in Sources */,
				93DB4A112B1D5820008EB541 /* UploadPostView.swift in Sources */,
				934859DD2B09ED9F005477E5 /* ProfileView.swift in Sources */,
				936F145A2B08993500413CD8 /* ContentView.swift in Sources */,
				934859E82B0B6CE3005477E5 /* LoginView.swift in Sources */,
				936980122B2B612A00308F31 /* EditProfileViewModel.swift in Sources */,
				93882CFC2B1EA9A500503395 /* AuthService.swift in Sources */,
				93283A412B25A8720090DB72 /* UserService.swift in Sources */,
				931CF6A82B19B2190002371D /* Post.swift in Sources */,
				936F14582B08993500413CD8 /* learn_instagramApp.swift in Sources */,
				932135062B19880D00E60E76 /* CurrentUserProfileView.swift in Sources */,
				934859EA2B0B9262005477E5 /* AddEmailView.swift in Sources */,
				931CF6AA2B19B3C90002371D /* PostGridView.swift in Sources */,
				930F49CB2B16E90800F18A1A /* CreateUsernameView.swift in Sources */,
				93882D002B1EAF2000503395 /* ContentViewModel.swift in Sources */,
				9369800E2B2B5A7B00308F31 /* EditProfileView.swift in Sources */,
				9380E7B32B202CE200C73A01 /* LoginViewModel.swift in Sources */,
				934F58F32B2BF92E00B93FF1 /* ImageUploader.swift in Sources */,
				93882D032B1EC35700503395 /* RegistrationViewModel.swift in Sources */,
				93DB4A132B1D5EF6008EB541 /* UploadPostViewModel.swift in Sources */,
				931CF6AC2B19B4E60002371D /* ProfileHeaderView.swift in Sources */,
				930F49CF2B16F4BB00F18A1A /* CompleteSignUpView.swift in Sources */,
				935CFA0E2B1734DA007324DA /* User.swift in Sources */,
				934859E62B0B678A005477E5 /* SearchView.swift in Sources */,
				934859EC2B0B9DB2005477E5 /* IGTextFieldModifier.swift in Sources */,
				934859E02B0A0CAD005477E5 /* UserStatView.swift in Sources */,
				934859E22B0A4EE7005477E5 /* FeedView.swift in Sources */,
				936185222B2C5C4D00D431F5 /* CircularProfileImageView.swift in Sources */,
				93283A452B25A94F0090DB72 /* SearchViewModel.swift in Sources */,
				934859DB2B09E7C6005477E5 /* MainTabView.swift in Sources */,
				930F49CD2B16EAE800F18A1A /* CreatePasswordView.swift in Sources */,
			);
			runOnlyForDeploymentPostprocessing = 0;
		};
/* End PBXSourcesBuildPhase section */

/* Begin XCBuildConfiguration section */
		936F14602B08993500413CD8 /* Debug */ = {
			isa = XCBuildConfiguration;
			buildSettings = {
				ALWAYS_SEARCH_USER_PATHS = NO;
				ASSETCATALOG_COMPILER_GENERATE_SWIFT_ASSET_SYMBOL_EXTENSIONS = YES;
				CLANG_ANALYZER_NONNULL = YES;
				CLANG_ANALYZER_NUMBER_OBJECT_CONVERSION = YES_AGGRESSIVE;
				CLANG_CXX_LANGUAGE_STANDARD = "gnu++20";
				CLANG_ENABLE_MODULES = YES;
				CLANG_ENABLE_OBJC_ARC = YES;
				CLANG_ENABLE_OBJC_WEAK = YES;
				CLANG_WARN_BLOCK_CAPTURE_AUTORELEASING = YES;
				CLANG_WARN_BOOL_CONVERSION = YES;
				CLANG_WARN_COMMA = YES;
				CLANG_WARN_CONSTANT_CONVERSION = YES;
				CLANG_WARN_DEPRECATED_OBJC_IMPLEMENTATIONS = YES;
				CLANG_WARN_DIRECT_OBJC_ISA_USAGE = YES_ERROR;
				CLANG_WARN_DOCUMENTATION_COMMENTS = YES;
				CLANG_WARN_EMPTY_BODY = YES;
				CLANG_WARN_ENUM_CONVERSION = YES;
				CLANG_WARN_INFINITE_RECURSION = YES;
				CLANG_WARN_INT_CONVERSION = YES;
				CLANG_WARN_NON_LITERAL_NULL_CONVERSION = YES;
				CLANG_WARN_OBJC_IMPLICIT_RETAIN_SELF = YES;
				CLANG_WARN_OBJC_LITERAL_CONVERSION = YES;
				CLANG_WARN_OBJC_ROOT_CLASS = YES_ERROR;
				CLANG_WARN_QUOTED_INCLUDE_IN_FRAMEWORK_HEADER = YES;
				CLANG_WARN_RANGE_LOOP_ANALYSIS = YES;
				CLANG_WARN_STRICT_PROTOTYPES = YES;
				CLANG_WARN_SUSPICIOUS_MOVE = YES;
				CLANG_WARN_UNGUARDED_AVAILABILITY = YES_AGGRESSIVE;
				CLANG_WARN_UNREACHABLE_CODE = YES;
				CLANG_WARN__DUPLICATE_METHOD_MATCH = YES;
				COPY_PHASE_STRIP = NO;
				DEBUG_INFORMATION_FORMAT = dwarf;
				ENABLE_STRICT_OBJC_MSGSEND = YES;
				ENABLE_TESTABILITY = YES;
				ENABLE_USER_SCRIPT_SANDBOXING = YES;
				GCC_C_LANGUAGE_STANDARD = gnu17;
				GCC_DYNAMIC_NO_PIC = NO;
				GCC_NO_COMMON_BLOCKS = YES;
				GCC_OPTIMIZATION_LEVEL = 0;
				GCC_PREPROCESSOR_DEFINITIONS = (
					"DEBUG=1",
					"$(inherited)",
				);
				GCC_WARN_64_TO_32_BIT_CONVERSION = YES;
				GCC_WARN_ABOUT_RETURN_TYPE = YES_ERROR;
				GCC_WARN_UNDECLARED_SELECTOR = YES;
				GCC_WARN_UNINITIALIZED_AUTOS = YES_AGGRESSIVE;
				GCC_WARN_UNUSED_FUNCTION = YES;
				GCC_WARN_UNUSED_VARIABLE = YES;
				IPHONEOS_DEPLOYMENT_TARGET = 17.0;
				LOCALIZATION_PREFERS_STRING_CATALOGS = YES;
				MTL_ENABLE_DEBUG_INFO = INCLUDE_SOURCE;
				MTL_FAST_MATH = YES;
				ONLY_ACTIVE_ARCH = YES;
				SDKROOT = iphoneos;
				SWIFT_ACTIVE_COMPILATION_CONDITIONS = "DEBUG $(inherited)";
				SWIFT_OPTIMIZATION_LEVEL = "-Onone";
			};
			name = Debug;
		};
		936F14612B08993500413CD8 /* Release */ = {
			isa = XCBuildConfiguration;
			buildSettings = {
				ALWAYS_SEARCH_USER_PATHS = NO;
				ASSETCATALOG_COMPILER_GENERATE_SWIFT_ASSET_SYMBOL_EXTENSIONS = YES;
				CLANG_ANALYZER_NONNULL = YES;
				CLANG_ANALYZER_NUMBER_OBJECT_CONVERSION = YES_AGGRESSIVE;
				CLANG_CXX_LANGUAGE_STANDARD = "gnu++20";
				CLANG_ENABLE_MODULES = YES;
				CLANG_ENABLE_OBJC_ARC = YES;
				CLANG_ENABLE_OBJC_WEAK = YES;
				CLANG_WARN_BLOCK_CAPTURE_AUTORELEASING = YES;
				CLANG_WARN_BOOL_CONVERSION = YES;
				CLANG_WARN_COMMA = YES;
				CLANG_WARN_CONSTANT_CONVERSION = YES;
				CLANG_WARN_DEPRECATED_OBJC_IMPLEMENTATIONS = YES;
				CLANG_WARN_DIRECT_OBJC_ISA_USAGE = YES_ERROR;
				CLANG_WARN_DOCUMENTATION_COMMENTS = YES;
				CLANG_WARN_EMPTY_BODY = YES;
				CLANG_WARN_ENUM_CONVERSION = YES;
				CLANG_WARN_INFINITE_RECURSION = YES;
				CLANG_WARN_INT_CONVERSION = YES;
				CLANG_WARN_NON_LITERAL_NULL_CONVERSION = YES;
				CLANG_WARN_OBJC_IMPLICIT_RETAIN_SELF = YES;
				CLANG_WARN_OBJC_LITERAL_CONVERSION = YES;
				CLANG_WARN_OBJC_ROOT_CLASS = YES_ERROR;
				CLANG_WARN_QUOTED_INCLUDE_IN_FRAMEWORK_HEADER = YES;
				CLANG_WARN_RANGE_LOOP_ANALYSIS = YES;
				CLANG_WARN_STRICT_PROTOTYPES = YES;
				CLANG_WARN_SUSPICIOUS_MOVE = YES;
				CLANG_WARN_UNGUARDED_AVAILABILITY = YES_AGGRESSIVE;
				CLANG_WARN_UNREACHABLE_CODE = YES;
				CLANG_WARN__DUPLICATE_METHOD_MATCH = YES;
				COPY_PHASE_STRIP = NO;
				DEBUG_INFORMATION_FORMAT = "dwarf-with-dsym";
				ENABLE_NS_ASSERTIONS = NO;
				ENABLE_STRICT_OBJC_MSGSEND = YES;
				ENABLE_USER_SCRIPT_SANDBOXING = YES;
				GCC_C_LANGUAGE_STANDARD = gnu17;
				GCC_NO_COMMON_BLOCKS = YES;
				GCC_WARN_64_TO_32_BIT_CONVERSION = YES;
				GCC_WARN_ABOUT_RETURN_TYPE = YES_ERROR;
				GCC_WARN_UNDECLARED_SELECTOR = YES;
				GCC_WARN_UNINITIALIZED_AUTOS = YES_AGGRESSIVE;
				GCC_WARN_UNUSED_FUNCTION = YES;
				GCC_WARN_UNUSED_VARIABLE = YES;
				IPHONEOS_DEPLOYMENT_TARGET = 17.0;
				LOCALIZATION_PREFERS_STRING_CATALOGS = YES;
				MTL_ENABLE_DEBUG_INFO = NO;
				MTL_FAST_MATH = YES;
				SDKROOT = iphoneos;
				SWIFT_COMPILATION_MODE = wholemodule;
				VALIDATE_PRODUCT = YES;
			};
			name = Release;
		};
		936F14632B08993500413CD8 /* Debug */ = {
			isa = XCBuildConfiguration;
			buildSettings = {
				ASSETCATALOG_COMPILER_APPICON_NAME = AppIcon;
				ASSETCATALOG_COMPILER_GLOBAL_ACCENT_COLOR_NAME = AccentColor;
				CODE_SIGN_STYLE = Automatic;
				CURRENT_PROJECT_VERSION = 1;
				DEVELOPMENT_ASSET_PATHS = "\"learn-instagram/Preview Content\"";
				DEVELOPMENT_TEAM = 8Q7D2536H4;
				ENABLE_PREVIEWS = YES;
				GENERATE_INFOPLIST_FILE = YES;
				INFOPLIST_KEY_UIApplicationSceneManifest_Generation = YES;
				INFOPLIST_KEY_UIApplicationSupportsIndirectInputEvents = YES;
				INFOPLIST_KEY_UILaunchScreen_Generation = YES;
				INFOPLIST_KEY_UISupportedInterfaceOrientations_iPad = "UIInterfaceOrientationPortrait UIInterfaceOrientationPortraitUpsideDown UIInterfaceOrientationLandscapeLeft UIInterfaceOrientationLandscapeRight";
				INFOPLIST_KEY_UISupportedInterfaceOrientations_iPhone = "UIInterfaceOrientationPortrait UIInterfaceOrientationLandscapeLeft UIInterfaceOrientationLandscapeRight";
				LD_RUNPATH_SEARCH_PATHS = (
					"$(inherited)",
					"@executable_path/Frameworks",
				);
				MARKETING_VERSION = 1.0;
				PRODUCT_BUNDLE_IDENTIFIER = "com.dee.learn-instagram";
				PRODUCT_NAME = "$(TARGET_NAME)";
				SWIFT_EMIT_LOC_STRINGS = YES;
				SWIFT_VERSION = 5.0;
				TARGETED_DEVICE_FAMILY = "1,2";
			};
			name = Debug;
		};
		936F14642B08993500413CD8 /* Release */ = {
			isa = XCBuildConfiguration;
			buildSettings = {
				ASSETCATALOG_COMPILER_APPICON_NAME = AppIcon;
				ASSETCATALOG_COMPILER_GLOBAL_ACCENT_COLOR_NAME = AccentColor;
				CODE_SIGN_STYLE = Automatic;
				CURRENT_PROJECT_VERSION = 1;
				DEVELOPMENT_ASSET_PATHS = "\"learn-instagram/Preview Content\"";
				DEVELOPMENT_TEAM = 8Q7D2536H4;
				ENABLE_PREVIEWS = YES;
				GENERATE_INFOPLIST_FILE = YES;
				INFOPLIST_KEY_UIApplicationSceneManifest_Generation = YES;
				INFOPLIST_KEY_UIApplicationSupportsIndirectInputEvents = YES;
				INFOPLIST_KEY_UILaunchScreen_Generation = YES;
				INFOPLIST_KEY_UISupportedInterfaceOrientations_iPad = "UIInterfaceOrientationPortrait UIInterfaceOrientationPortraitUpsideDown UIInterfaceOrientationLandscapeLeft UIInterfaceOrientationLandscapeRight";
				INFOPLIST_KEY_UISupportedInterfaceOrientations_iPhone = "UIInterfaceOrientationPortrait UIInterfaceOrientationLandscapeLeft UIInterfaceOrientationLandscapeRight";
				LD_RUNPATH_SEARCH_PATHS = (
					"$(inherited)",
					"@executable_path/Frameworks",
				);
				MARKETING_VERSION = 1.0;
				PRODUCT_BUNDLE_IDENTIFIER = "com.dee.learn-instagram";
				PRODUCT_NAME = "$(TARGET_NAME)";
				SWIFT_EMIT_LOC_STRINGS = YES;
				SWIFT_VERSION = 5.0;
				TARGETED_DEVICE_FAMILY = "1,2";
			};
			name = Release;
		};
/* End XCBuildConfiguration section */

/* Begin XCConfigurationList section */
		936F144F2B08993400413CD8 /* Build configuration list for PBXProject "learn-instagram" */ = {
			isa = XCConfigurationList;
			buildConfigurations = (
				936F14602B08993500413CD8 /* Debug */,
				936F14612B08993500413CD8 /* Release */,
			);
			defaultConfigurationIsVisible = 0;
			defaultConfigurationName = Release;
		};
		936F14622B08993500413CD8 /* Build configuration list for PBXNativeTarget "learn-instagram" */ = {
			isa = XCConfigurationList;
			buildConfigurations = (
				936F14632B08993500413CD8 /* Debug */,
				936F14642B08993500413CD8 /* Release */,
			);
			defaultConfigurationIsVisible = 0;
			defaultConfigurationName = Release;
		};
/* End XCConfigurationList section */

/* Begin XCRemoteSwiftPackageReference section */
		9361851E2B2C5BDC00D431F5 /* XCRemoteSwiftPackageReference "Kingfisher" */ = {
			isa = XCRemoteSwiftPackageReference;
			repositoryURL = "https://github.com/onevcat/Kingfisher.git";
			requirement = {
				kind = upToNextMajorVersion;
				minimumVersion = 7.10.1;
			};
		};
		93882CC22B1EA3E800503395 /* XCRemoteSwiftPackageReference "firebase-ios-sdk" */ = {
			isa = XCRemoteSwiftPackageReference;
			repositoryURL = "https://github.com/firebase/firebase-ios-sdk";
			requirement = {
				kind = upToNextMajorVersion;
				minimumVersion = 10.18.0;
			};
		};
/* End XCRemoteSwiftPackageReference section */

/* Begin XCSwiftPackageProductDependency section */
		9361851F2B2C5BDC00D431F5 /* Kingfisher */ = {
			isa = XCSwiftPackageProductDependency;
			package = 9361851E2B2C5BDC00D431F5 /* XCRemoteSwiftPackageReference "Kingfisher" */;
			productName = Kingfisher;
		};
		93882CCF2B1EA3E800503395 /* FirebaseAuth */ = {
			isa = XCSwiftPackageProductDependency;
			package = 93882CC22B1EA3E800503395 /* XCRemoteSwiftPackageReference "firebase-ios-sdk" */;
			productName = FirebaseAuth;
		};
		93882CDB2B1EA3E800503395 /* FirebaseFirestore */ = {
			isa = XCSwiftPackageProductDependency;
			package = 93882CC22B1EA3E800503395 /* XCRemoteSwiftPackageReference "firebase-ios-sdk" */;
			productName = FirebaseFirestore;
		};
		93882CDF2B1EA3E800503395 /* FirebaseFirestoreSwift */ = {
			isa = XCSwiftPackageProductDependency;
			package = 93882CC22B1EA3E800503395 /* XCRemoteSwiftPackageReference "firebase-ios-sdk" */;
			productName = FirebaseFirestoreSwift;
		};
		93882CF52B1EA3E800503395 /* FirebaseStorage */ = {
			isa = XCSwiftPackageProductDependency;
			package = 93882CC22B1EA3E800503395 /* XCRemoteSwiftPackageReference "firebase-ios-sdk" */;
			productName = FirebaseStorage;
		};
/* End XCSwiftPackageProductDependency section */
	};
	rootObject = 936F144C2B08993400413CD8 /* Project object */;
}
